
Microsoft Visual Studio Solution File, Format Version 12.00
# Visual Studio 15
Project("{FAE04EC0-301F-11D3-BF4B-00C04F79EFBC}") = "Unity.Physics.Custom", "Unity.Physics.Custom.csproj", "{2FE5DD37-381E-E946-3818-C44304D758B2}"
EndProject
Project("{FAE04EC0-301F-11D3-BF4B-00C04F79EFBC}") = "Assembly-CSharp", "Assembly-CSharp.csproj", "{0288E123-F6BE-54D8-286F-F86B442FC608}"
EndProject
Project("{FAE04EC0-301F-11D3-BF4B-00C04F79EFBC}") = "Unity.Physics.Custom.Editor", "Unity.Physics.Custom.Editor.csproj", "{2803A74C-BA4C-FD8D-4B65-40EAC1CABE1A}"
EndProject
Project("{FAE04EC0-301F-11D3-BF4B-00C04F79EFBC}") = "Assembly-CSharp-Editor", "Assembly-CSharp-Editor.csproj", "{218E7A0F-5634-3655-C83E-A99190A5B4F4}"
EndProject
Global
	GlobalSection(SolutionConfigurationPlatforms) = preSolution
		Debug|Any CPU = Debug|Any CPU
		Release|Any CPU = Release|Any CPU
	EndGlobalSection
	GlobalSection(ProjectConfigurationPlatforms) = postSolution
		{2FE5DD37-381E-E946-3818-C44304D758B2}.Debug|Any CPU.ActiveCfg = Debug|Any CPU
		{2FE5DD37-381E-E946-3818-C44304D758B2}.Debug|Any CPU.Build.0 = Debug|Any CPU
		{2FE5DD37-381E-E946-3818-C44304D758B2}.Release|Any CPU.ActiveCfg = Release|Any CPU
		{2FE5DD37-381E-E946-3818-C44304D758B2}.Release|Any CPU.Build.0 = Release|Any CPU
		{0288E123-F6BE-54D8-286F-F86B442FC608}.Debug|Any CPU.ActiveCfg = Debug|Any CPU
		{0288E123-F6BE-54D8-286F-F86B442FC608}.Debug|Any CPU.Build.0 = Debug|Any CPU
		{0288E123-F6BE-54D8-286F-F86B442FC608}.Release|Any CPU.ActiveCfg = Release|Any CPU
		{0288E123-F6BE-54D8-286F-F86B442FC608}.Release|Any CPU.Build.0 = Release|Any CPU
		{2803A74C-BA4C-FD8D-4B65-40EAC1CABE1A}.Debug|Any CPU.ActiveCfg = Debug|Any CPU
		{2803A74C-BA4C-FD8D-4B65-40EAC1CABE1A}.Debug|Any CPU.Build.0 = Debug|Any CPU
		{2803A74C-BA4C-FD8D-4B65-40EAC1CABE1A}.Release|Any CPU.ActiveCfg = Release|Any CPU
		{2803A74C-BA4C-FD8D-4B65-40EAC1CABE1A}.Release|Any CPU.Build.0 = Release|Any CPU
		{218E7A0F-5634-3655-C83E-A99190A5B4F4}.Debug|Any CPU.ActiveCfg = Debug|Any CPU
		{218E7A0F-5634-3655-C83E-A99190A5B4F4}.Debug|Any CPU.Build.0 = Debug|Any CPU
		{218E7A0F-5634-3655-C83E-A99190A5B4F4}.Release|Any CPU.ActiveCfg = Release|Any CPU
		{218E7A0F-5634-3655-C83E-A99190A5B4F4}.Release|Any CPU.Build.0 = Release|Any CPU
	EndGlobalSection
	GlobalSection(SolutionProperties) = preSolution
		HideSolutionNode = FALSE
	EndGlobalSection
EndGlobal
